
Microsoft Visual Studio Solution File, Format Version 12.00
# Visual Studio 15
Project("{FAE04EC0-301F-11D3-BF4B-00C04F79EFBC}") = "AppEstilo.Android", "AppEstilo.Android\AppEstilo.Android.csproj", "{9DB10855-8066-4C13-AFB3-85E4C6CA0B86}"
EndProject
Project("{FAE04EC0-301F-11D3-BF4B-00C04F79EFBC}") = "AppEstilo.iOS", "AppEstilo.iOS\AppEstilo.iOS.csproj", "{46E5AD13-38C5-4784-AE57-918BC366E689}"
EndProject
Project("{FAE04EC0-301F-11D3-BF4B-00C04F79EFBC}") = "AppEstilo", "AppEstilo\AppEstilo.csproj", "{0BB5E3D6-E212-4293-B3AC-977D35FC5C4F}"
EndProject
Global
	GlobalSection(SolutionConfigurationPlatforms) = preSolution
		Debug|Any CPU = Debug|Any CPU
		Release|Any CPU = Release|Any CPU
		Debug|iPhoneSimulator = Debug|iPhoneSimulator
		Release|iPhoneSimulator = Release|iPhoneSimulator
		Debug|iPhone = Debug|iPhone
		Release|iPhone = Release|iPhone
	EndGlobalSection
	GlobalSection(ProjectConfigurationPlatforms) = postSolution
		{9DB10855-8066-4C13-AFB3-85E4C6CA0B86}.Debug|Any CPU.ActiveCfg = Debug|Any CPU
		{9DB10855-8066-4C13-AFB3-85E4C6CA0B86}.Debug|Any CPU.Build.0 = Debug|Any CPU
		{9DB10855-8066-4C13-AFB3-85E4C6CA0B86}.Release|Any CPU.ActiveCfg = Release|Any CPU
		{9DB10855-8066-4C13-AFB3-85E4C6CA0B86}.Release|Any CPU.Build.0 = Release|Any CPU
		{9DB10855-8066-4C13-AFB3-85E4C6CA0B86}.Debug|iPhoneSimulator.ActiveCfg = Debug|Any CPU
		{9DB10855-8066-4C13-AFB3-85E4C6CA0B86}.Debug|iPhoneSimulator.Build.0 = Debug|Any CPU
		{9DB10855-8066-4C13-AFB3-85E4C6CA0B86}.Release|iPhoneSimulator.ActiveCfg = Release|Any CPU
		{9DB10855-8066-4C13-AFB3-85E4C6CA0B86}.Release|iPhoneSimulator.Build.0 = Release|Any CPU
		{9DB10855-8066-4C13-AFB3-85E4C6CA0B86}.Debug|iPhone.ActiveCfg = Debug|Any CPU
		{9DB10855-8066-4C13-AFB3-85E4C6CA0B86}.Debug|iPhone.Build.0 = Debug|Any CPU
		{9DB10855-8066-4C13-AFB3-85E4C6CA0B86}.Release|iPhone.ActiveCfg = Release|Any CPU
		{9DB10855-8066-4C13-AFB3-85E4C6CA0B86}.Release|iPhone.Build.0 = Release|Any CPU
		{46E5AD13-38C5-4784-AE57-918BC366E689}.Debug|Any CPU.ActiveCfg = Debug|iPhoneSimulator
		{46E5AD13-38C5-4784-AE57-918BC366E689}.Debug|Any CPU.Build.0 = Debug|iPhoneSimulator
		{46E5AD13-38C5-4784-AE57-918BC366E689}.Release|Any CPU.ActiveCfg = Release|iPhoneSimulator
		{46E5AD13-38C5-4784-AE57-918BC366E689}.Release|Any CPU.Build.0 = Release|iPhoneSimulator
		{46E5AD13-38C5-4784-AE57-918BC366E689}.Debug|iPhoneSimulator.ActiveCfg = Debug|iPhoneSimulator
		{46E5AD13-38C5-4784-AE57-918BC366E689}.Debug|iPhoneSimulator.Build.0 = Debug|iPhoneSimulator
		{46E5AD13-38C5-4784-AE57-918BC366E689}.Release|iPhoneSimulator.ActiveCfg = Release|iPhoneSimulator
		{46E5AD13-38C5-4784-AE57-918BC366E689}.Release|iPhoneSimulator.Build.0 = Release|iPhoneSimulator
		{46E5AD13-38C5-4784-AE57-918BC366E689}.Debug|iPhone.ActiveCfg = Debug|iPhone
		{46E5AD13-38C5-4784-AE57-918BC366E689}.Debug|iPhone.Build.0 = Debug|iPhone
		{46E5AD13-38C5-4784-AE57-918BC366E689}.Release|iPhone.ActiveCfg = Release|iPhone
		{46E5AD13-38C5-4784-AE57-918BC366E689}.Release|iPhone.Build.0 = Release|iPhone
		{0BB5E3D6-E212-4293-B3AC-977D35FC5C4F}.Debug|Any CPU.ActiveCfg = Debug|Any CPU
		{0BB5E3D6-E212-4293-B3AC-977D35FC5C4F}.Debug|Any CPU.Build.0 = Debug|Any CPU
		{0BB5E3D6-E212-4293-B3AC-977D35FC5C4F}.Release|Any CPU.ActiveCfg = Release|Any CPU
		{0BB5E3D6-E212-4293-B3AC-977D35FC5C4F}.Release|Any CPU.Build.0 = Release|Any CPU
		{0BB5E3D6-E212-4293-B3AC-977D35FC5C4F}.Debug|iPhoneSimulator.ActiveCfg = Debug|Any CPU
		{0BB5E3D6-E212-4293-B3AC-977D35FC5C4F}.Debug|iPhoneSimulator.Build.0 = Debug|Any CPU
		{0BB5E3D6-E212-4293-B3AC-977D35FC5C4F}.Release|iPhoneSimulator.ActiveCfg = Release|Any CPU
		{0BB5E3D6-E212-4293-B3AC-977D35FC5C4F}.Release|iPhoneSimulator.Build.0 = Release|Any CPU
		{0BB5E3D6-E212-4293-B3AC-977D35FC5C4F}.Debug|iPhone.ActiveCfg = Debug|Any CPU
		{0BB5E3D6-E212-4293-B3AC-977D35FC5C4F}.Debug|iPhone.Build.0 = Debug|Any CPU
		{0BB5E3D6-E212-4293-B3AC-977D35FC5C4F}.Release|iPhone.ActiveCfg = Release|Any CPU
		{0BB5E3D6-E212-4293-B3AC-977D35FC5C4F}.Release|iPhone.Build.0 = Release|Any CPU
	EndGlobalSection
EndGlobal
